
Microsoft Visual Studio Solution File, Format Version 12.00
# Visual Studio Version 17
VisualStudioVersion = 17.3.32929.385
MinimumVisualStudioVersion = 10.0.40219.1
Project("{FAE04EC0-301F-11D3-BF4B-00C04F79EFBC}") = "FizzBuzzChallange", "FizzBuzzChallange\FizzBuzzChallange.csproj", "{C663CBBD-DF3C-4EFE-98E7-DBB6F126E751}"
EndProject
Global
	GlobalSection(SolutionConfigurationPlatforms) = preSolution
		Debug|Any CPU = Debug|Any CPU
		Release|Any CPU = Release|Any CPU
	EndGlobalSection
	GlobalSection(ProjectConfigurationPlatforms) = postSolution
		{C663CBBD-DF3C-4EFE-98E7-DBB6F126E751}.Debug|Any CPU.ActiveCfg = Debug|Any CPU
		{C663CBBD-DF3C-4EFE-98E7-DBB6F126E751}.Debug|Any CPU.Build.0 = Debug|Any CPU
		{C663CBBD-DF3C-4EFE-98E7-DBB6F126E751}.Release|Any CPU.ActiveCfg = Release|Any CPU
		{C663CBBD-DF3C-4EFE-98E7-DBB6F126E751}.Release|Any CPU.Build.0 = Release|Any CPU
	EndGlobalSection
	GlobalSection(SolutionProperties) = preSolution
		HideSolutionNode = FALSE
	EndGlobalSection
	GlobalSection(ExtensibilityGlobals) = postSolution
		SolutionGuid = {DCAC032D-D2DA-4F7E-8B26-43E2D43A743C}
	EndGlobalSection
EndGlobal
